
Microsoft Visual Studio Solution File, Format Version 12.00
# Visual Studio Version 16
VisualStudioVersion = 16.0.29411.108
MinimumVisualStudioVersion = 10.0.40219.1
Project("{FAE04EC0-301F-11D3-BF4B-00C04F79EFBC}") = "ConsoleApp4", "ConsoleApp4\ConsoleApp4.csproj", "{ABA38294-6636-4375-B236-08D4AF4A6191}"
EndProject
Global
	GlobalSection(SolutionConfigurationPlatforms) = preSolution
		Debug|Any CPU = Debug|Any CPU
		Release|Any CPU = Release|Any CPU
	EndGlobalSection
	GlobalSection(ProjectConfigurationPlatforms) = postSolution
		{ABA38294-6636-4375-B236-08D4AF4A6191}.Debug|Any CPU.ActiveCfg = Debug|Any CPU
		{ABA38294-6636-4375-B236-08D4AF4A6191}.Debug|Any CPU.Build.0 = Debug|Any CPU
		{ABA38294-6636-4375-B236-08D4AF4A6191}.Release|Any CPU.ActiveCfg = Release|Any CPU
		{ABA38294-6636-4375-B236-08D4AF4A6191}.Release|Any CPU.Build.0 = Release|Any CPU
	EndGlobalSection
	GlobalSection(SolutionProperties) = preSolution
		HideSolutionNode = FALSE
	EndGlobalSection
	GlobalSection(ExtensibilityGlobals) = postSolution
		SolutionGuid = {789CDD49-0ACE-42BB-A4FA-0EE1727CEE38}
	EndGlobalSection
EndGlobal
